
Microsoft Visual Studio Solution File, Format Version 12.00
# Visual Studio Version 16
VisualStudioVersion = 16.0.29230.47
MinimumVisualStudioVersion = 10.0.40219.1
Project("{FAE04EC0-301F-11D3-BF4B-00C04F79EFBC}") = "team", "team.csproj", "{9AD8A44B-C6AE-4FCF-8EA0-3E5B402C5D5C}"
EndProject
Global
	GlobalSection(SolutionConfigurationPlatforms) = preSolution
		Debug|Any CPU = Debug|Any CPU
		Release|Any CPU = Release|Any CPU
	EndGlobalSection
	GlobalSection(ProjectConfigurationPlatforms) = postSolution
		{9AD8A44B-C6AE-4FCF-8EA0-3E5B402C5D5C}.Debug|Any CPU.ActiveCfg = Debug|Any CPU
		{9AD8A44B-C6AE-4FCF-8EA0-3E5B402C5D5C}.Debug|Any CPU.Build.0 = Debug|Any CPU
		{9AD8A44B-C6AE-4FCF-8EA0-3E5B402C5D5C}.Release|Any CPU.ActiveCfg = Release|Any CPU
		{9AD8A44B-C6AE-4FCF-8EA0-3E5B402C5D5C}.Release|Any CPU.Build.0 = Release|Any CPU
	EndGlobalSection
	GlobalSection(SolutionProperties) = preSolution
		HideSolutionNode = FALSE
	EndGlobalSection
	GlobalSection(ExtensibilityGlobals) = postSolution
		SolutionGuid = {1BE43949-BFE9-4EA0-949E-A8E85C881684}
	EndGlobalSection
EndGlobal
